
Microsoft Visual Studio Solution File, Format Version 12.00
# Visual Studio Version 16
VisualStudioVersion = 16.0.30523.141
MinimumVisualStudioVersion = 10.0.40219.1
Project("{FAE04EC0-301F-11D3-BF4B-00C04F79EFBC}") = "BT2YM", "BT2YM\BT2YM.csproj", "{154CF032-BFEC-4B0D-B49D-EB26F1602BAD}"
EndProject
Global
	GlobalSection(SolutionConfigurationPlatforms) = preSolution
		Debug|Any CPU = Debug|Any CPU
		Release|Any CPU = Release|Any CPU
	EndGlobalSection
	GlobalSection(ProjectConfigurationPlatforms) = postSolution
		{154CF032-BFEC-4B0D-B49D-EB26F1602BAD}.Debug|Any CPU.ActiveCfg = Debug|Any CPU
		{154CF032-BFEC-4B0D-B49D-EB26F1602BAD}.Debug|Any CPU.Build.0 = Debug|Any CPU
		{154CF032-BFEC-4B0D-B49D-EB26F1602BAD}.Release|Any CPU.ActiveCfg = Release|Any CPU
		{154CF032-BFEC-4B0D-B49D-EB26F1602BAD}.Release|Any CPU.Build.0 = Release|Any CPU
	EndGlobalSection
	GlobalSection(SolutionProperties) = preSolution
		HideSolutionNode = FALSE
	EndGlobalSection
	GlobalSection(ExtensibilityGlobals) = postSolution
		SolutionGuid = {FDD69B25-A6CB-49BF-84C3-6749F5F739FC}
	EndGlobalSection
EndGlobal
